
Microsoft Visual Studio Solution File, Format Version 12.00
# Visual Studio 15
VisualStudioVersion = 15.0.27130.2010
MinimumVisualStudioVersion = 10.0.40219.1
Project("{FAE04EC0-301F-11D3-BF4B-00C04F79EFBC}") = "Vendors", "Vendors\Vendors.csproj", "{BFD03D32-2711-444F-9754-6950050847DE}"
EndProject
Global
	GlobalSection(SolutionConfigurationPlatforms) = preSolution
		Debug|Any CPU = Debug|Any CPU
		Release|Any CPU = Release|Any CPU
	EndGlobalSection
	GlobalSection(ProjectConfigurationPlatforms) = postSolution
		{BFD03D32-2711-444F-9754-6950050847DE}.Debug|Any CPU.ActiveCfg = Debug|Any CPU
		{BFD03D32-2711-444F-9754-6950050847DE}.Debug|Any CPU.Build.0 = Debug|Any CPU
		{BFD03D32-2711-444F-9754-6950050847DE}.Release|Any CPU.ActiveCfg = Release|Any CPU
		{BFD03D32-2711-444F-9754-6950050847DE}.Release|Any CPU.Build.0 = Release|Any CPU
	EndGlobalSection
	GlobalSection(SolutionProperties) = preSolution
		HideSolutionNode = FALSE
	EndGlobalSection
	GlobalSection(ExtensibilityGlobals) = postSolution
		SolutionGuid = {536BC0DA-3C2F-43F2-995B-5C1F53440094}
	EndGlobalSection
EndGlobal
